
Microsoft Visual Studio Solution File, Format Version 12.00
# Visual Studio 2012
Project("{FAE04EC0-301F-11D3-BF4B-00C04F79EFBC}") = "Whitelabeled", "Whitelabeled\Whitelabeled.csproj", "{682F8AAA-2B3B-4F34-A93A-E4931E1F55EE}"
EndProject
Project("{FAE04EC0-301F-11D3-BF4B-00C04F79EFBC}") = "Whitelabeled.Droid", "Droid\Whitelabeled.Droid.csproj", "{91F45D57-354B-4418-9E24-FF0473B59AC4}"
EndProject
Project("{FAE04EC0-301F-11D3-BF4B-00C04F79EFBC}") = "Whitelabeled.iOS", "iOS\Whitelabeled.iOS.csproj", "{DE51342F-9799-4DDA-A94D-012B4DC23A86}"
EndProject
Global
	GlobalSection(SolutionConfigurationPlatforms) = preSolution
		Debug|Any CPU = Debug|Any CPU
		Release|Any CPU = Release|Any CPU
		Debug|iPhoneSimulator = Debug|iPhoneSimulator
		Release|iPhone = Release|iPhone
		Release|iPhoneSimulator = Release|iPhoneSimulator
		Debug|iPhone = Debug|iPhone
		Debug_Dev|iPhone = Debug_Dev|iPhone
		Debug_Staging|iPhone = Debug_Staging|iPhone
		Debug_Production|iPhone = Debug_Production|iPhone
		Debug_Dev|iPhoneSimulator = Debug_Dev|iPhoneSimulator
		Debug_Staging|iPhoneSimulator = Debug_Staging|iPhoneSimulator
		Debug_Production|iPhoneSimulator = Debug_Production|iPhoneSimulator
		Release_Dev|iPhone = Release_Dev|iPhone
		Release_Staging|iPhone = Release_Staging|iPhone
		Release_Production|iPhone = Release_Production|iPhone
		Release_Dev|iPhoneSimulator = Release_Dev|iPhoneSimulator
		Release_Staging|iPhoneSimulator = Release_Staging|iPhoneSimulator
		Release_Production|iPhoneSimulator = Release_Production|iPhoneSimulator
	EndGlobalSection
	GlobalSection(ProjectConfigurationPlatforms) = postSolution
		{682F8AAA-2B3B-4F34-A93A-E4931E1F55EE}.Debug|iPhoneSimulator.ActiveCfg = Debug_Dev|iPhoneSimulator
		{682F8AAA-2B3B-4F34-A93A-E4931E1F55EE}.Debug|iPhoneSimulator.Build.0 = Debug_Dev|iPhoneSimulator
		{682F8AAA-2B3B-4F34-A93A-E4931E1F55EE}.Release|iPhone.ActiveCfg = Release_Dev|iPhone
		{682F8AAA-2B3B-4F34-A93A-E4931E1F55EE}.Release|iPhone.Build.0 = Release_Dev|iPhone
		{682F8AAA-2B3B-4F34-A93A-E4931E1F55EE}.Release|iPhoneSimulator.ActiveCfg = Release_Dev|iPhoneSimulator
		{682F8AAA-2B3B-4F34-A93A-E4931E1F55EE}.Release|iPhoneSimulator.Build.0 = Release_Dev|iPhoneSimulator
		{682F8AAA-2B3B-4F34-A93A-E4931E1F55EE}.Debug|iPhone.ActiveCfg = Debug_Dev|iPhone
		{682F8AAA-2B3B-4F34-A93A-E4931E1F55EE}.Debug|iPhone.Build.0 = Debug_Dev|iPhone
		{682F8AAA-2B3B-4F34-A93A-E4931E1F55EE}.Debug_Staging|iPhone.ActiveCfg = Debug_Staging|iPhone
		{682F8AAA-2B3B-4F34-A93A-E4931E1F55EE}.Debug_Staging|iPhone.Build.0 = Debug_Staging|iPhone
		{682F8AAA-2B3B-4F34-A93A-E4931E1F55EE}.Debug_Production|iPhone.ActiveCfg = Debug_Production|iPhone
		{682F8AAA-2B3B-4F34-A93A-E4931E1F55EE}.Debug_Production|iPhone.Build.0 = Debug_Production|iPhone
		{682F8AAA-2B3B-4F34-A93A-E4931E1F55EE}.Debug_Dev|iPhoneSimulator.ActiveCfg = Debug_Dev|iPhoneSimulator
		{682F8AAA-2B3B-4F34-A93A-E4931E1F55EE}.Debug_Dev|iPhoneSimulator.Build.0 = Debug_Dev|iPhoneSimulator
		{682F8AAA-2B3B-4F34-A93A-E4931E1F55EE}.Debug_Staging|iPhoneSimulator.ActiveCfg = Debug_Staging|iPhoneSimulator
		{682F8AAA-2B3B-4F34-A93A-E4931E1F55EE}.Debug_Staging|iPhoneSimulator.Build.0 = Debug_Staging|iPhoneSimulator
		{682F8AAA-2B3B-4F34-A93A-E4931E1F55EE}.Debug_Production|iPhoneSimulator.ActiveCfg = Debug_Production|iPhoneSimulator
		{682F8AAA-2B3B-4F34-A93A-E4931E1F55EE}.Debug_Production|iPhoneSimulator.Build.0 = Debug_Production|iPhoneSimulator
		{682F8AAA-2B3B-4F34-A93A-E4931E1F55EE}.Release_Dev|iPhone.ActiveCfg = Release_Dev|iPhone
		{682F8AAA-2B3B-4F34-A93A-E4931E1F55EE}.Release_Dev|iPhone.Build.0 = Release_Dev|iPhone
		{682F8AAA-2B3B-4F34-A93A-E4931E1F55EE}.Release_Staging|iPhone.ActiveCfg = Release_Staging|iPhone
		{682F8AAA-2B3B-4F34-A93A-E4931E1F55EE}.Release_Staging|iPhone.Build.0 = Release_Staging|iPhone
		{682F8AAA-2B3B-4F34-A93A-E4931E1F55EE}.Release_Production|iPhone.ActiveCfg = Release_Production|iPhone
		{682F8AAA-2B3B-4F34-A93A-E4931E1F55EE}.Release_Production|iPhone.Build.0 = Release_Production|iPhone
		{682F8AAA-2B3B-4F34-A93A-E4931E1F55EE}.Release_Dev|iPhoneSimulator.ActiveCfg = Release_Dev|iPhoneSimulator
		{682F8AAA-2B3B-4F34-A93A-E4931E1F55EE}.Release_Dev|iPhoneSimulator.Build.0 = Release_Dev|iPhoneSimulator
		{682F8AAA-2B3B-4F34-A93A-E4931E1F55EE}.Release_Staging|iPhoneSimulator.ActiveCfg = Release_Staging|iPhoneSimulator
		{682F8AAA-2B3B-4F34-A93A-E4931E1F55EE}.Release_Staging|iPhoneSimulator.Build.0 = Release_Staging|iPhoneSimulator
		{682F8AAA-2B3B-4F34-A93A-E4931E1F55EE}.Release_Production|iPhoneSimulator.ActiveCfg = Release_Production|iPhoneSimulator
		{682F8AAA-2B3B-4F34-A93A-E4931E1F55EE}.Release_Production|iPhoneSimulator.Build.0 = Release_Production|iPhoneSimulator
		{682F8AAA-2B3B-4F34-A93A-E4931E1F55EE}.Debug_Dev|iPhone.ActiveCfg = Debug_Dev|iPhone
		{682F8AAA-2B3B-4F34-A93A-E4931E1F55EE}.Debug_Dev|iPhone.Build.0 = Debug_Dev|iPhone
		{91F45D57-354B-4418-9E24-FF0473B59AC4}.Debug|iPhoneSimulator.ActiveCfg = Debug_Dev|iPhoneSimulator
		{91F45D57-354B-4418-9E24-FF0473B59AC4}.Debug|iPhoneSimulator.Build.0 = Debug_Dev|iPhoneSimulator
		{91F45D57-354B-4418-9E24-FF0473B59AC4}.Release|iPhone.ActiveCfg = Release_Dev|iPhone
		{91F45D57-354B-4418-9E24-FF0473B59AC4}.Release|iPhone.Build.0 = Release_Dev|iPhone
		{91F45D57-354B-4418-9E24-FF0473B59AC4}.Release|iPhoneSimulator.ActiveCfg = Release_Dev|iPhoneSimulator
		{91F45D57-354B-4418-9E24-FF0473B59AC4}.Release|iPhoneSimulator.Build.0 = Release_Dev|iPhoneSimulator
		{91F45D57-354B-4418-9E24-FF0473B59AC4}.Debug|iPhone.ActiveCfg = Debug_Dev|iPhone
		{91F45D57-354B-4418-9E24-FF0473B59AC4}.Debug|iPhone.Build.0 = Debug_Dev|iPhone
		{91F45D57-354B-4418-9E24-FF0473B59AC4}.Debug_Staging|iPhone.ActiveCfg = Debug_Staging|iPhone
		{91F45D57-354B-4418-9E24-FF0473B59AC4}.Debug_Staging|iPhone.Build.0 = Debug_Staging|iPhone
		{91F45D57-354B-4418-9E24-FF0473B59AC4}.Debug_Production|iPhone.ActiveCfg = Debug_Production|iPhone
		{91F45D57-354B-4418-9E24-FF0473B59AC4}.Debug_Production|iPhone.Build.0 = Debug_Production|iPhone
		{91F45D57-354B-4418-9E24-FF0473B59AC4}.Debug_Dev|iPhoneSimulator.ActiveCfg = Debug_Dev|iPhoneSimulator
		{91F45D57-354B-4418-9E24-FF0473B59AC4}.Debug_Dev|iPhoneSimulator.Build.0 = Debug_Dev|iPhoneSimulator
		{91F45D57-354B-4418-9E24-FF0473B59AC4}.Debug_Staging|iPhoneSimulator.ActiveCfg = Debug_Staging|iPhoneSimulator
		{91F45D57-354B-4418-9E24-FF0473B59AC4}.Debug_Staging|iPhoneSimulator.Build.0 = Debug_Staging|iPhoneSimulator
		{91F45D57-354B-4418-9E24-FF0473B59AC4}.Debug_Production|iPhoneSimulator.ActiveCfg = Debug_Production|iPhoneSimulator
		{91F45D57-354B-4418-9E24-FF0473B59AC4}.Debug_Production|iPhoneSimulator.Build.0 = Debug_Production|iPhoneSimulator
		{91F45D57-354B-4418-9E24-FF0473B59AC4}.Release_Dev|iPhone.ActiveCfg = Release_Dev|iPhone
		{91F45D57-354B-4418-9E24-FF0473B59AC4}.Release_Dev|iPhone.Build.0 = Release_Dev|iPhone
		{91F45D57-354B-4418-9E24-FF0473B59AC4}.Release_Staging|iPhone.ActiveCfg = Release_Staging|iPhone
		{91F45D57-354B-4418-9E24-FF0473B59AC4}.Release_Staging|iPhone.Build.0 = Release_Staging|iPhone
		{91F45D57-354B-4418-9E24-FF0473B59AC4}.Release_Production|iPhone.ActiveCfg = Release_Production|iPhone
		{91F45D57-354B-4418-9E24-FF0473B59AC4}.Release_Production|iPhone.Build.0 = Release_Production|iPhone
		{91F45D57-354B-4418-9E24-FF0473B59AC4}.Release_Dev|iPhoneSimulator.ActiveCfg = Release_Dev|iPhoneSimulator
		{91F45D57-354B-4418-9E24-FF0473B59AC4}.Release_Dev|iPhoneSimulator.Build.0 = Release_Dev|iPhoneSimulator
		{91F45D57-354B-4418-9E24-FF0473B59AC4}.Release_Staging|iPhoneSimulator.ActiveCfg = Release_Staging|iPhoneSimulator
		{91F45D57-354B-4418-9E24-FF0473B59AC4}.Release_Staging|iPhoneSimulator.Build.0 = Release_Staging|iPhoneSimulator
		{91F45D57-354B-4418-9E24-FF0473B59AC4}.Release_Production|iPhoneSimulator.ActiveCfg = Release_Production|iPhoneSimulator
		{91F45D57-354B-4418-9E24-FF0473B59AC4}.Release_Production|iPhoneSimulator.Build.0 = Release_Production|iPhoneSimulator
		{91F45D57-354B-4418-9E24-FF0473B59AC4}.Debug_Dev|iPhone.ActiveCfg = Debug_Dev|iPhone
		{91F45D57-354B-4418-9E24-FF0473B59AC4}.Debug_Dev|iPhone.Build.0 = Debug_Dev|iPhone
		{DE51342F-9799-4DDA-A94D-012B4DC23A86}.Debug|iPhoneSimulator.ActiveCfg = Debug_Dev|iPhoneSimulator
		{DE51342F-9799-4DDA-A94D-012B4DC23A86}.Debug|iPhoneSimulator.Build.0 = Debug_Dev|iPhoneSimulator
		{DE51342F-9799-4DDA-A94D-012B4DC23A86}.Release|iPhone.ActiveCfg = Release_Dev|iPhone
		{DE51342F-9799-4DDA-A94D-012B4DC23A86}.Release|iPhone.Build.0 = Release_Dev|iPhone
		{DE51342F-9799-4DDA-A94D-012B4DC23A86}.Release|iPhoneSimulator.ActiveCfg = Release_Dev|iPhoneSimulator
		{DE51342F-9799-4DDA-A94D-012B4DC23A86}.Release|iPhoneSimulator.Build.0 = Release_Dev|iPhoneSimulator
		{DE51342F-9799-4DDA-A94D-012B4DC23A86}.Debug|iPhone.ActiveCfg = Debug_Dev|iPhone
		{DE51342F-9799-4DDA-A94D-012B4DC23A86}.Debug|iPhone.Build.0 = Debug_Dev|iPhone
		{DE51342F-9799-4DDA-A94D-012B4DC23A86}.Debug_Staging|iPhone.ActiveCfg = Debug_Staging|iPhone
		{DE51342F-9799-4DDA-A94D-012B4DC23A86}.Debug_Staging|iPhone.Build.0 = Debug_Staging|iPhone
		{DE51342F-9799-4DDA-A94D-012B4DC23A86}.Debug_Production|iPhone.ActiveCfg = Debug_Production|iPhone
		{DE51342F-9799-4DDA-A94D-012B4DC23A86}.Debug_Production|iPhone.Build.0 = Debug_Production|iPhone
		{DE51342F-9799-4DDA-A94D-012B4DC23A86}.Debug_Dev|iPhoneSimulator.ActiveCfg = Debug_Dev|iPhoneSimulator
		{DE51342F-9799-4DDA-A94D-012B4DC23A86}.Debug_Dev|iPhoneSimulator.Build.0 = Debug_Dev|iPhoneSimulator
		{DE51342F-9799-4DDA-A94D-012B4DC23A86}.Debug_Staging|iPhoneSimulator.ActiveCfg = Debug_Staging|iPhoneSimulator
		{DE51342F-9799-4DDA-A94D-012B4DC23A86}.Debug_Staging|iPhoneSimulator.Build.0 = Debug_Staging|iPhoneSimulator
		{DE51342F-9799-4DDA-A94D-012B4DC23A86}.Debug_Production|iPhoneSimulator.ActiveCfg = Debug_Production|iPhoneSimulator
		{DE51342F-9799-4DDA-A94D-012B4DC23A86}.Debug_Production|iPhoneSimulator.Build.0 = Debug_Production|iPhoneSimulator
		{DE51342F-9799-4DDA-A94D-012B4DC23A86}.Release_Dev|iPhone.ActiveCfg = Release_Dev|iPhone
		{DE51342F-9799-4DDA-A94D-012B4DC23A86}.Release_Dev|iPhone.Build.0 = Release_Dev|iPhone
		{DE51342F-9799-4DDA-A94D-012B4DC23A86}.Release_Staging|iPhone.ActiveCfg = Release_Staging|iPhone
		{DE51342F-9799-4DDA-A94D-012B4DC23A86}.Release_Staging|iPhone.Build.0 = Release_Staging|iPhone
		{DE51342F-9799-4DDA-A94D-012B4DC23A86}.Release_Production|iPhone.ActiveCfg = Release_Production|iPhone
		{DE51342F-9799-4DDA-A94D-012B4DC23A86}.Release_Production|iPhone.Build.0 = Release_Production|iPhone
		{DE51342F-9799-4DDA-A94D-012B4DC23A86}.Release_Dev|iPhoneSimulator.ActiveCfg = Release_Dev|iPhoneSimulator
		{DE51342F-9799-4DDA-A94D-012B4DC23A86}.Release_Dev|iPhoneSimulator.Build.0 = Release_Dev|iPhoneSimulator
		{DE51342F-9799-4DDA-A94D-012B4DC23A86}.Release_Staging|iPhoneSimulator.ActiveCfg = Release_Staging|iPhoneSimulator
		{DE51342F-9799-4DDA-A94D-012B4DC23A86}.Release_Staging|iPhoneSimulator.Build.0 = Release_Staging|iPhoneSimulator
		{DE51342F-9799-4DDA-A94D-012B4DC23A86}.Release_Production|iPhoneSimulator.ActiveCfg = Release_Production|iPhoneSimulator
		{DE51342F-9799-4DDA-A94D-012B4DC23A86}.Release_Production|iPhoneSimulator.Build.0 = Release_Production|iPhoneSimulator
		{DE51342F-9799-4DDA-A94D-012B4DC23A86}.Debug_Dev|iPhone.ActiveCfg = Debug_Dev|iPhone
		{DE51342F-9799-4DDA-A94D-012B4DC23A86}.Debug_Dev|iPhone.Build.0 = Debug_Dev|iPhone
	EndGlobalSection
EndGlobal
